# Harbormaster Lock File
# DO NOT EDIT - This file is auto-generated
# Use 'hm sync' to update

version = 1
generated_at = 2026-07-15T21:32:03.661992961-04:00

[entry]
  [entry.cports]
    url = "git@github.com:aka-mj/cports.git"
    type = "git"
    requested_ref = "astro"
    resolved_sha = "d7569547320f8bb92d55aea83cbbbbaae445599c"
    last_synced_at = 2026-07-23T00:00:00.000000000-04:00
