# Harbormaster Lock File
# DO NOT EDIT - This file is auto-generated
# Use 'hm sync' to update

version = 1
generated_at = 2026-07-15T21:32:03.661992961-04:00

[entry]
  [entry.cports]
    url = "git@github.com:CragLinux/cports.git"
    type = "git"
    requested_ref = "master"
    resolved_sha = "f0789671dc590bcfa7b06b3d06032d9e86f7804b"
    last_synced_at = 2026-09-16T12:52:25.567858035-04:00
